
Microsoft Visual Studio Solution File, Format Version 12.00
# Visual Studio Version 17
VisualStudioVersion = 17.2.32630.192
MinimumVisualStudioVersion = 10.0.40219.1
Project("{FAE04EC0-301F-11D3-BF4B-00C04F79EFBC}") = "IMU-Visual.UWP", "IMU-Visual\IMU-Visual.UWP\IMU-Visual.UWP.csproj", "{DD884773-D597-4FFF-8702-B614D2C73460}"
EndProject
Project("{FAE04EC0-301F-11D3-BF4B-00C04F79EFBC}") = "IMU-Visual.Android", "IMU-Visual\IMU-Visual.Android\IMU-Visual.Android.csproj", "{C6CBAEFD-DE1F-415D-BFDF-D71BA236B0D5}"
EndProject
Project("{FAE04EC0-301F-11D3-BF4B-00C04F79EFBC}") = "IMU-Visual.iOS", "IMU-Visual\IMU-Visual.iOS\IMU-Visual.iOS.csproj", "{1826F12C-5AF1-409F-8BE9-A5E33AAA9702}"
EndProject
Project("{FAE04EC0-301F-11D3-BF4B-00C04F79EFBC}") = "IMU-Visual", "IMU-Visual\IMU-Visual\IMU-Visual.csproj", "{5CBFD395-DF6C-4926-992D-1C09C33B40B9}"
EndProject
Global
	GlobalSection(SolutionConfigurationPlatforms) = preSolution
		Debug|Any CPU = Debug|Any CPU
		Debug|ARM = Debug|ARM
		Debug|iPhone = Debug|iPhone
		Debug|iPhoneSimulator = Debug|iPhoneSimulator
		Debug|x64 = Debug|x64
		Debug|x86 = Debug|x86
		Release|Any CPU = Release|Any CPU
		Release|ARM = Release|ARM
		Release|iPhone = Release|iPhone
		Release|iPhoneSimulator = Release|iPhoneSimulator
		Release|x64 = Release|x64
		Release|x86 = Release|x86
	EndGlobalSection
	GlobalSection(ProjectConfigurationPlatforms) = postSolution
		{DD884773-D597-4FFF-8702-B614D2C73460}.Debug|Any CPU.ActiveCfg = Debug|x64
		{DD884773-D597-4FFF-8702-B614D2C73460}.Debug|Any CPU.Build.0 = Debug|x64
		{DD884773-D597-4FFF-8702-B614D2C73460}.Debug|Any CPU.Deploy.0 = Debug|x64
		{DD884773-D597-4FFF-8702-B614D2C73460}.Debug|ARM.ActiveCfg = Debug|ARM
		{DD884773-D597-4FFF-8702-B614D2C73460}.Debug|ARM.Build.0 = Debug|ARM
		{DD884773-D597-4FFF-8702-B614D2C73460}.Debug|ARM.Deploy.0 = Debug|ARM
		{DD884773-D597-4FFF-8702-B614D2C73460}.Debug|iPhone.ActiveCfg = Debug|x64
		{DD884773-D597-4FFF-8702-B614D2C73460}.Debug|iPhone.Build.0 = Debug|x64
		{DD884773-D597-4FFF-8702-B614D2C73460}.Debug|iPhone.Deploy.0 = Debug|x64
		{DD884773-D597-4FFF-8702-B614D2C73460}.Debug|iPhoneSimulator.ActiveCfg = Debug|x64
		{DD884773-D597-4FFF-8702-B614D2C73460}.Debug|iPhoneSimulator.Build.0 = Debug|x64
		{DD884773-D597-4FFF-8702-B614D2C73460}.Debug|iPhoneSimulator.Deploy.0 = Debug|x64
		{DD884773-D597-4FFF-8702-B614D2C73460}.Debug|x64.ActiveCfg = Debug|x64
		{DD884773-D597-4FFF-8702-B614D2C73460}.Debug|x64.Build.0 = Debug|x64
		{DD884773-D597-4FFF-8702-B614D2C73460}.Debug|x64.Deploy.0 = Debug|x64
		{DD884773-D597-4FFF-8702-B614D2C73460}.Debug|x86.ActiveCfg = Debug|x86
		{DD884773-D597-4FFF-8702-B614D2C73460}.Debug|x86.Build.0 = Debug|x86
		{DD884773-D597-4FFF-8702-B614D2C73460}.Debug|x86.Deploy.0 = Debug|x86
		{DD884773-D597-4FFF-8702-B614D2C73460}.Release|Any CPU.ActiveCfg = Release|x64
		{DD884773-D597-4FFF-8702-B614D2C73460}.Release|Any CPU.Build.0 = Release|x64
		{DD884773-D597-4FFF-8702-B614D2C73460}.Release|Any CPU.Deploy.0 = Release|x64
		{DD884773-D597-4FFF-8702-B614D2C73460}.Release|ARM.ActiveCfg = Release|ARM
		{DD884773-D597-4FFF-8702-B614D2C73460}.Release|ARM.Build.0 = Release|ARM
		{DD884773-D597-4FFF-8702-B614D2C73460}.Release|ARM.Deploy.0 = Release|ARM
		{DD884773-D597-4FFF-8702-B614D2C73460}.Release|iPhone.ActiveCfg = Release|x64
		{DD884773-D597-4FFF-8702-B614D2C73460}.Release|iPhone.Build.0 = Release|x64
		{DD884773-D597-4FFF-8702-B614D2C73460}.Release|iPhone.Deploy.0 = Release|x64
		{DD884773-D597-4FFF-8702-B614D2C73460}.Release|iPhoneSimulator.ActiveCfg = Release|x64
		{DD884773-D597-4FFF-8702-B614D2C73460}.Release|iPhoneSimulator.Build.0 = Release|x64
		{DD884773-D597-4FFF-8702-B614D2C73460}.Release|iPhoneSimulator.Deploy.0 = Release|x64
		{DD884773-D597-4FFF-8702-B614D2C73460}.Release|x64.ActiveCfg = Release|x64
		{DD884773-D597-4FFF-8702-B614D2C73460}.Release|x64.Build.0 = Release|x64
		{DD884773-D597-4FFF-8702-B614D2C73460}.Release|x64.Deploy.0 = Release|x64
		{DD884773-D597-4FFF-8702-B614D2C73460}.Release|x86.ActiveCfg = Release|x86
		{DD884773-D597-4FFF-8702-B614D2C73460}.Release|x86.Build.0 = Release|x86
		{DD884773-D597-4FFF-8702-B614D2C73460}.Release|x86.Deploy.0 = Release|x86
		{C6CBAEFD-DE1F-415D-BFDF-D71BA236B0D5}.Debug|Any CPU.ActiveCfg = Debug|Any CPU
		{C6CBAEFD-DE1F-415D-BFDF-D71BA236B0D5}.Debug|Any CPU.Build.0 = Debug|Any CPU
		{C6CBAEFD-DE1F-415D-BFDF-D71BA236B0D5}.Debug|Any CPU.Deploy.0 = Debug|Any CPU
		{C6CBAEFD-DE1F-415D-BFDF-D71BA236B0D5}.Debug|ARM.ActiveCfg = Debug|Any CPU
		{C6CBAEFD-DE1F-415D-BFDF-D71BA236B0D5}.Debug|ARM.Build.0 = Debug|Any CPU
		{C6CBAEFD-DE1F-415D-BFDF-D71BA236B0D5}.Debug|ARM.Deploy.0 = Debug|Any CPU
		{C6CBAEFD-DE1F-415D-BFDF-D71BA236B0D5}.Debug|iPhone.ActiveCfg = Debug|Any CPU
		{C6CBAEFD-DE1F-415D-BFDF-D71BA236B0D5}.Debug|iPhone.Build.0 = Debug|Any CPU
		{C6CBAEFD-DE1F-415D-BFDF-D71BA236B0D5}.Debug|iPhone.Deploy.0 = Debug|Any CPU
		{C6CBAEFD-DE1F-415D-BFDF-D71BA236B0D5}.Debug|iPhoneSimulator.ActiveCfg = Debug|Any CPU
		{C6CBAEFD-DE1F-415D-BFDF-D71BA236B0D5}.Debug|iPhoneSimulator.Build.0 = Debug|Any CPU
		{C6CBAEFD-DE1F-415D-BFDF-D71BA236B0D5}.Debug|iPhoneSimulator.Deploy.0 = Debug|Any CPU
		{C6CBAEFD-DE1F-415D-BFDF-D71BA236B0D5}.Debug|x64.ActiveCfg = Debug|Any CPU
		{C6CBAEFD-DE1F-415D-BFDF-D71BA236B0D5}.Debug|x64.Build.0 = Debug|Any CPU
		{C6CBAEFD-DE1F-415D-BFDF-D71BA236B0D5}.Debug|x64.Deploy.0 = Debug|Any CPU
		{C6CBAEFD-DE1F-415D-BFDF-D71BA236B0D5}.Debug|x86.ActiveCfg = Debug|Any CPU
		{C6CBAEFD-DE1F-415D-BFDF-D71BA236B0D5}.Debug|x86.Build.0 = Debug|Any CPU
		{C6CBAEFD-DE1F-415D-BFDF-D71BA236B0D5}.Debug|x86.Deploy.0 = Debug|Any CPU
		{C6CBAEFD-DE1F-415D-BFDF-D71BA236B0D5}.Release|Any CPU.ActiveCfg = Release|Any CPU
		{C6CBAEFD-DE1F-415D-BFDF-D71BA236B0D5}.Release|Any CPU.Build.0 = Release|Any CPU
		{C6CBAEFD-DE1F-415D-BFDF-D71BA236B0D5}.Release|Any CPU.Deploy.0 = Release|Any CPU
		{C6CBAEFD-DE1F-415D-BFDF-D71BA236B0D5}.Release|ARM.ActiveCfg = Release|Any CPU
		{C6CBAEFD-DE1F-415D-BFDF-D71BA236B0D5}.Release|ARM.Build.0 = Release|Any CPU
		{C6CBAEFD-DE1F-415D-BFDF-D71BA236B0D5}.Release|ARM.Deploy.0 = Release|Any CPU
		{C6CBAEFD-DE1F-415D-BFDF-D71BA236B0D5}.Release|iPhone.ActiveCfg = Release|Any CPU
		{C6CBAEFD-DE1F-415D-BFDF-D71BA236B0D5}.Release|iPhone.Build.0 = Release|Any CPU
		{C6CBAEFD-DE1F-415D-BFDF-D71BA236B0D5}.Release|iPhone.Deploy.0 = Release|Any CPU
		{C6CBAEFD-DE1F-415D-BFDF-D71BA236B0D5}.Release|iPhoneSimulator.ActiveCfg = Release|Any CPU
		{C6CBAEFD-DE1F-415D-BFDF-D71BA236B0D5}.Release|iPhoneSimulator.Build.0 = Release|Any CPU
		{C6CBAEFD-DE1F-415D-BFDF-D71BA236B0D5}.Release|iPhoneSimulator.Deploy.0 = Release|Any CPU
		{C6CBAEFD-DE1F-415D-BFDF-D71BA236B0D5}.Release|x64.ActiveCfg = Release|Any CPU
		{C6CBAEFD-DE1F-415D-BFDF-D71BA236B0D5}.Release|x64.Build.0 = Release|Any CPU
		{C6CBAEFD-DE1F-415D-BFDF-D71BA236B0D5}.Release|x64.Deploy.0 = Release|Any CPU
		{C6CBAEFD-DE1F-415D-BFDF-D71BA236B0D5}.Release|x86.ActiveCfg = Release|Any CPU
		{C6CBAEFD-DE1F-415D-BFDF-D71BA236B0D5}.Release|x86.Build.0 = Release|Any CPU
		{C6CBAEFD-DE1F-415D-BFDF-D71BA236B0D5}.Release|x86.Deploy.0 = Release|Any CPU
		{1826F12C-5AF1-409F-8BE9-A5E33AAA9702}.Debug|Any CPU.ActiveCfg = Debug|iPhoneSimulator
		{1826F12C-5AF1-409F-8BE9-A5E33AAA9702}.Debug|Any CPU.Build.0 = Debug|iPhoneSimulator
		{1826F12C-5AF1-409F-8BE9-A5E33AAA9702}.Debug|Any CPU.Deploy.0 = Debug|iPhoneSimulator
		{1826F12C-5AF1-409F-8BE9-A5E33AAA9702}.Debug|ARM.ActiveCfg = Debug|iPhoneSimulator
		{1826F12C-5AF1-409F-8BE9-A5E33AAA9702}.Debug|ARM.Build.0 = Debug|iPhoneSimulator
		{1826F12C-5AF1-409F-8BE9-A5E33AAA9702}.Debug|ARM.Deploy.0 = Debug|iPhoneSimulator
		{1826F12C-5AF1-409F-8BE9-A5E33AAA9702}.Debug|iPhone.ActiveCfg = Debug|iPhone
		{1826F12C-5AF1-409F-8BE9-A5E33AAA9702}.Debug|iPhone.Build.0 = Debug|iPhone
		{1826F12C-5AF1-409F-8BE9-A5E33AAA9702}.Debug|iPhone.Deploy.0 = Debug|iPhone
		{1826F12C-5AF1-409F-8BE9-A5E33AAA9702}.Debug|iPhoneSimulator.ActiveCfg = Debug|iPhoneSimulator
		{1826F12C-5AF1-409F-8BE9-A5E33AAA9702}.Debug|iPhoneSimulator.Build.0 = Debug|iPhoneSimulator
		{1826F12C-5AF1-409F-8BE9-A5E33AAA9702}.Debug|iPhoneSimulator.Deploy.0 = Debug|iPhoneSimulator
		{1826F12C-5AF1-409F-8BE9-A5E33AAA9702}.Debug|x64.ActiveCfg = Debug|iPhone
		{1826F12C-5AF1-409F-8BE9-A5E33AAA9702}.Debug|x64.Build.0 = Debug|iPhone
		{1826F12C-5AF1-409F-8BE9-A5E33AAA9702}.Debug|x64.Deploy.0 = Debug|iPhone
		{1826F12C-5AF1-409F-8BE9-A5E33AAA9702}.Debug|x86.ActiveCfg = Debug|iPhoneSimulator
		{1826F12C-5AF1-409F-8BE9-A5E33AAA9702}.Debug|x86.Build.0 = Debug|iPhoneSimulator
		{1826F12C-5AF1-409F-8BE9-A5E33AAA9702}.Debug|x86.Deploy.0 = Debug|iPhoneSimulator
		{1826F12C-5AF1-409F-8BE9-A5E33AAA9702}.Release|Any CPU.ActiveCfg = Release|iPhoneSimulator
		{1826F12C-5AF1-409F-8BE9-A5E33AAA9702}.Release|Any CPU.Build.0 = Release|iPhoneSimulator
		{1826F12C-5AF1-409F-8BE9-A5E33AAA9702}.Release|Any CPU.Deploy.0 = Release|iPhoneSimulator
		{1826F12C-5AF1-409F-8BE9-A5E33AAA9702}.Release|ARM.ActiveCfg = Release|iPhoneSimulator
		{1826F12C-5AF1-409F-8BE9-A5E33AAA9702}.Release|ARM.Build.0 = Release|iPhoneSimulator
		{1826F12C-5AF1-409F-8BE9-A5E33AAA9702}.Release|ARM.Deploy.0 = Release|iPhoneSimulator
		{1826F12C-5AF1-409F-8BE9-A5E33AAA9702}.Release|iPhone.ActiveCfg = Release|iPhone
		{1826F12C-5AF1-409F-8BE9-A5E33AAA9702}.Release|iPhone.Build.0 = Release|iPhone
		{1826F12C-5AF1-409F-8BE9-A5E33AAA9702}.Release|iPhone.Deploy.0 = Release|iPhone
		{1826F12C-5AF1-409F-8BE9-A5E33AAA9702}.Release|iPhoneSimulator.ActiveCfg = Release|iPhoneSimulator
		{1826F12C-5AF1-409F-8BE9-A5E33AAA9702}.Release|iPhoneSimulator.Build.0 = Release|iPhoneSimulator
		{1826F12C-5AF1-409F-8BE9-A5E33AAA9702}.Release|iPhoneSimulator.Deploy.0 = Release|iPhoneSimulator
		{1826F12C-5AF1-409F-8BE9-A5E33AAA9702}.Release|x64.ActiveCfg = Release|iPhoneSimulator
		{1826F12C-5AF1-409F-8BE9-A5E33AAA9702}.Release|x64.Build.0 = Release|iPhoneSimulator
		{1826F12C-5AF1-409F-8BE9-A5E33AAA9702}.Release|x64.Deploy.0 = Release|iPhoneSimulator
		{1826F12C-5AF1-409F-8BE9-A5E33AAA9702}.Release|x86.ActiveCfg = Release|iPhoneSimulator
		{1826F12C-5AF1-409F-8BE9-A5E33AAA9702}.Release|x86.Build.0 = Release|iPhoneSimulator
		{1826F12C-5AF1-409F-8BE9-A5E33AAA9702}.Release|x86.Deploy.0 = Release|iPhoneSimulator
		{5CBFD395-DF6C-4926-992D-1C09C33B40B9}.Debug|Any CPU.ActiveCfg = Debug|Any CPU
		{5CBFD395-DF6C-4926-992D-1C09C33B40B9}.Debug|Any CPU.Build.0 = Debug|Any CPU
		{5CBFD395-DF6C-4926-992D-1C09C33B40B9}.Debug|Any CPU.Deploy.0 = Debug|Any CPU
		{5CBFD395-DF6C-4926-992D-1C09C33B40B9}.Debug|ARM.ActiveCfg = Debug|Any CPU
		{5CBFD395-DF6C-4926-992D-1C09C33B40B9}.Debug|ARM.Build.0 = Debug|Any CPU
		{5CBFD395-DF6C-4926-992D-1C09C33B40B9}.Debug|ARM.Deploy.0 = Debug|Any CPU
		{5CBFD395-DF6C-4926-992D-1C09C33B40B9}.Debug|iPhone.ActiveCfg = Debug|Any CPU
		{5CBFD395-DF6C-4926-992D-1C09C33B40B9}.Debug|iPhone.Build.0 = Debug|Any CPU
		{5CBFD395-DF6C-4926-992D-1C09C33B40B9}.Debug|iPhone.Deploy.0 = Debug|Any CPU
		{5CBFD395-DF6C-4926-992D-1C09C33B40B9}.Debug|iPhoneSimulator.ActiveCfg = Debug|Any CPU
		{5CBFD395-DF6C-4926-992D-1C09C33B40B9}.Debug|iPhoneSimulator.Build.0 = Debug|Any CPU
		{5CBFD395-DF6C-4926-992D-1C09C33B40B9}.Debug|iPhoneSimulator.Deploy.0 = Debug|Any CPU
		{5CBFD395-DF6C-4926-992D-1C09C33B40B9}.Debug|x64.ActiveCfg = Debug|Any CPU
		{5CBFD395-DF6C-4926-992D-1C09C33B40B9}.Debug|x64.Build.0 = Debug|Any CPU
		{5CBFD395-DF6C-4926-992D-1C09C33B40B9}.Debug|x64.Deploy.0 = Debug|Any CPU
		{5CBFD395-DF6C-4926-992D-1C09C33B40B9}.Debug|x86.ActiveCfg = Debug|Any CPU
		{5CBFD395-DF6C-4926-992D-1C09C33B40B9}.Debug|x86.Build.0 = Debug|Any CPU
		{5CBFD395-DF6C-4926-992D-1C09C33B40B9}.Debug|x86.Deploy.0 = Debug|Any CPU
		{5CBFD395-DF6C-4926-992D-1C09C33B40B9}.Release|Any CPU.ActiveCfg = Release|Any CPU
		{5CBFD395-DF6C-4926-992D-1C09C33B40B9}.Release|Any CPU.Build.0 = Release|Any CPU
		{5CBFD395-DF6C-4926-992D-1C09C33B40B9}.Release|Any CPU.Deploy.0 = Release|Any CPU
		{5CBFD395-DF6C-4926-992D-1C09C33B40B9}.Release|ARM.ActiveCfg = Release|Any CPU
		{5CBFD395-DF6C-4926-992D-1C09C33B40B9}.Release|ARM.Build.0 = Release|Any CPU
		{5CBFD395-DF6C-4926-992D-1C09C33B40B9}.Release|ARM.Deploy.0 = Release|Any CPU
		{5CBFD395-DF6C-4926-992D-1C09C33B40B9}.Release|iPhone.ActiveCfg = Release|Any CPU
		{5CBFD395-DF6C-4926-992D-1C09C33B40B9}.Release|iPhone.Build.0 = Release|Any CPU
		{5CBFD395-DF6C-4926-992D-1C09C33B40B9}.Release|iPhone.Deploy.0 = Release|Any CPU
		{5CBFD395-DF6C-4926-992D-1C09C33B40B9}.Release|iPhoneSimulator.ActiveCfg = Release|Any CPU
		{5CBFD395-DF6C-4926-992D-1C09C33B40B9}.Release|iPhoneSimulator.Build.0 = Release|Any CPU
		{5CBFD395-DF6C-4926-992D-1C09C33B40B9}.Release|iPhoneSimulator.Deploy.0 = Release|Any CPU
		{5CBFD395-DF6C-4926-992D-1C09C33B40B9}.Release|x64.ActiveCfg = Release|Any CPU
		{5CBFD395-DF6C-4926-992D-1C09C33B40B9}.Release|x64.Build.0 = Release|Any CPU
		{5CBFD395-DF6C-4926-992D-1C09C33B40B9}.Release|x64.Deploy.0 = Release|Any CPU
		{5CBFD395-DF6C-4926-992D-1C09C33B40B9}.Release|x86.ActiveCfg = Release|Any CPU
		{5CBFD395-DF6C-4926-992D-1C09C33B40B9}.Release|x86.Build.0 = Release|Any CPU
		{5CBFD395-DF6C-4926-992D-1C09C33B40B9}.Release|x86.Deploy.0 = Release|Any CPU
	EndGlobalSection
	GlobalSection(SolutionProperties) = preSolution
		HideSolutionNode = FALSE
	EndGlobalSection
	GlobalSection(ExtensibilityGlobals) = postSolution
		SolutionGuid = {3B010B1B-7655-4969-A2F6-74DEFD340A81}
	EndGlobalSection
EndGlobal
